schema: '2.0'
stages:
  preprocess:
    cmd: python src/data_preprocessing.py
    deps:
    - path: data/raw/house_data.csv
      hash: md5
      md5: c35ea4e742f9a5cb06600c3822222ac8
      size: 119729
    - path: params.yaml
      hash: md5
      md5: c50aa5a81f8491df8ce177ca56ca2a25
      size: 254
    - path: src/data_preprocessing.py
      hash: md5
      md5: 329dd2b327a734f3b8cbfc4b63752b18
      size: 500
    outs:
    - path: data/processed/processed_data.csv
      hash: md5
      md5: 604397e008386864c879e5201275c4fa
      size: 139675
  train:
    cmd: python src/train.py
    deps:
    - path: data/processed/processed_data.csv
      hash: md5
      md5: 604397e008386864c879e5201275c4fa
      size: 139675
    - path: params.yaml
      hash: md5
      md5: c50aa5a81f8491df8ce177ca56ca2a25
      size: 254
    - path: src/train.py
      hash: md5
      md5: 3607eaa33c82c74e0b342f87bd95099f
      size: 797
    outs:
    - path: model.pkl
      hash: md5
      md5: 16a62367aefbb6c7442ff965dbd60e1c
      size: 5162479
  evaluate:
    cmd: python src/evaluate.py
    deps:
    - path: data/processed/processed_data.csv
      hash: md5
      md5: 604397e008386864c879e5201275c4fa
      size: 139675
    - path: model.pkl
      hash: md5
      md5: 16a62367aefbb6c7442ff965dbd60e1c
      size: 5162479
    - path: src/evaluate.py
      hash: md5
      md5: a14ff05488b7c8fdc91649cac2800109
      size: 611
    outs:
    - path: scores.json
      hash: md5
      md5: 675a3793d525852fae27441050d274b1
      size: 63
  serve:
    cmd: python app.py
